
Microsoft Visual Studio Solution File, Format Version 12.00
# Visual Studio Version 17
VisualStudioVersion = 17.2.32505.173
MinimumVisualStudioVersion = 10.0.40219.1
Project("{FAE04EC0-301F-11D3-BF4B-00C04F79EFBC}") = "labtask5 e3", "labtask5 e3\labtask5 e3.csproj", "{322AB22D-0DDD-4397-B82C-906017B62945}"
EndProject
Global
	GlobalSection(SolutionConfigurationPlatforms) = preSolution
		Debug|Any CPU = Debug|Any CPU
		Release|Any CPU = Release|Any CPU
	EndGlobalSection
	GlobalSection(ProjectConfigurationPlatforms) = postSolution
		{322AB22D-0DDD-4397-B82C-906017B62945}.Debug|Any CPU.ActiveCfg = Debug|Any CPU
		{322AB22D-0DDD-4397-B82C-906017B62945}.Debug|Any CPU.Build.0 = Debug|Any CPU
		{322AB22D-0DDD-4397-B82C-906017B62945}.Release|Any CPU.ActiveCfg = Release|Any CPU
		{322AB22D-0DDD-4397-B82C-906017B62945}.Release|Any CPU.Build.0 = Release|Any CPU
	EndGlobalSection
	GlobalSection(SolutionProperties) = preSolution
		HideSolutionNode = FALSE
	EndGlobalSection
	GlobalSection(ExtensibilityGlobals) = postSolution
		SolutionGuid = {6C906925-6183-4987-9025-CE5BD07D15AD}
	EndGlobalSection
EndGlobal
