
Microsoft Visual Studio Solution File, Format Version 12.00
# Visual Studio Version 17
VisualStudioVersion = 17.2.32505.173
MinimumVisualStudioVersion = 10.0.40219.1
Project("{FAE04EC0-301F-11D3-BF4B-00C04F79EFBC}") = "labtask5 e1", "labtask5 e1\labtask5 e1.csproj", "{B268D29F-C217-4EF8-9D5F-FD602DDC7DA7}"
EndProject
Global
	GlobalSection(SolutionConfigurationPlatforms) = preSolution
		Debug|Any CPU = Debug|Any CPU
		Release|Any CPU = Release|Any CPU
	EndGlobalSection
	GlobalSection(ProjectConfigurationPlatforms) = postSolution
		{B268D29F-C217-4EF8-9D5F-FD602DDC7DA7}.Debug|Any CPU.ActiveCfg = Debug|Any CPU
		{B268D29F-C217-4EF8-9D5F-FD602DDC7DA7}.Debug|Any CPU.Build.0 = Debug|Any CPU
		{B268D29F-C217-4EF8-9D5F-FD602DDC7DA7}.Release|Any CPU.ActiveCfg = Release|Any CPU
		{B268D29F-C217-4EF8-9D5F-FD602DDC7DA7}.Release|Any CPU.Build.0 = Release|Any CPU
	EndGlobalSection
	GlobalSection(SolutionProperties) = preSolution
		HideSolutionNode = FALSE
	EndGlobalSection
	GlobalSection(ExtensibilityGlobals) = postSolution
		SolutionGuid = {CBA8990A-4194-4002-9DAF-566F98297110}
	EndGlobalSection
EndGlobal
